// !$*UTF8*$!
{
	archiveVersion = 1;
	classes = {
	};
	objectVersion = 56;
	objects = {

/* Begin PBXBuildFile section */
		79715D842AD69BA200F40047 /* JointPairProgrammingApp.swift in Sources */ = {isa = PBXBuildFile; fileRef = 79715D832AD69BA200F40047 /* JointPairProgrammingApp.swift */; };
		79715D862AD69BA200F40047 /* ContentView.swift in Sources */ = {isa = PBXBuildFile; fileRef = 79715D852AD69BA200F40047 /* ContentView.swift */; };
		79715D882AD69BA300F40047 /* Assets.xcassets in Resources */ = {isa = PBXBuildFile; fileRef = 79715D872AD69BA300F40047 /* Assets.xcassets */; };
		79715D8B2AD69BA300F40047 /* Preview Assets.xcassets in Resources */ = {isa = PBXBuildFile; fileRef = 79715D8A2AD69BA300F40047 /* Preview Assets.xcassets */; };
		79715D952AD69BA300F40047 /* JointPairProgrammingTests.swift in Sources */ = {isa = PBXBuildFile; fileRef = 79715D942AD69BA300F40047 /* JointPairProgrammingTests.swift */; };
		79715D9F2AD69BA300F40047 /* JointPairProgrammingUITests.swift in Sources */ = {isa = PBXBuildFile; fileRef = 79715D9E2AD69BA300F40047 /* JointPairProgrammingUITests.swift */; };
		79715DA12AD69BA300F40047 /* JointPairProgrammingUITestsLaunchTests.swift in Sources */ = {isa = PBXBuildFile; fileRef = 79715DA02AD69BA300F40047 /* JointPairProgrammingUITestsLaunchTests.swift */; };
		79715DAE2AD6A89900F40047 /* CircleImage.swift in Sources */ = {isa = PBXBuildFile; fileRef = 79715DAD2AD6A89900F40047 /* CircleImage.swift */; };
/* End PBXBuildFile section */

/* Begin PBXContainerItemProxy section */
		79715D912AD69BA300F40047 /* PBXContainerItemProxy */ = {
			isa = PBXContainerItemProxy;
			containerPortal = 79715D782AD69BA200F40047 /* Project object */;
			proxyType = 1;
			remoteGlobalIDString = 79715D7F2AD69BA200F40047;
			remoteInfo = JointPairProgramming;
		};
		79715D9B2AD69BA300F40047 /* PBXContainerItemProxy */ = {
			isa = PBXContainerItemProxy;
			containerPortal = 79715D782AD69BA200F40047 /* Project object */;
			proxyType = 1;
			remoteGlobalIDString = 79715D7F2AD69BA200F40047;
			remoteInfo = JointPairProgramming;
		};
/* End PBXContainerItemProxy section */

/* Begin PBXFileReference section */
		79715D802AD69BA200F40047 /* JointPairProgramming.app */ = {isa = PBXFileReference; explicitFileType = wrapper.application; includeInIndex = 0; path = JointPairProgramming.app; sourceTree = BUILT_PRODUCTS_DIR; };
		79715D832AD69BA200F40047 /* JointPairProgrammingApp.swift */ = {isa = PBXFileReference; lastKnownFileType = sourcecode.swift; path = JointPairProgrammingApp.swift; sourceTree = "<group>"; };
		79715D852AD69BA200F40047 /* ContentView.swift */ = {isa = PBXFileReference; lastKnownFileType = sourcecode.swift; path = ContentView.swift; sourceTree = "<group>"; };
		79715D872AD69BA300F40047 /* Assets.xcassets */ = {isa = PBXFileReference; lastKnownFileType = folder.assetcatalog; path = Assets.xcassets; sourceTree = "<group>"; };
		79715D8A2AD69BA300F40047 /* Preview Assets.xcassets */ = {isa = PBXFileReference; lastKnownFileType = folder.assetcatalog; path = "Preview Assets.xcassets"; sourceTree = "<group>"; };
		79715D902AD69BA300F40047 /* JointPairProgrammingTests.xctest */ = {isa = PBXFileReference; explicitFileType = wrapper.cfbundle; includeInIndex = 0; path = JointPairProgrammingTests.xctest; sourceTree = BUILT_PRODUCTS_DIR; };
		79715D942AD69BA300F40047 /* JointPairProgrammingTests.swift */ = {isa = PBXFileReference; lastKnownFileType = sourcecode.swift; path = JointPairProgrammingTests.swift; sourceTree = "<group>"; };
		79715D9A2AD69BA300F40047 /* JointPairProgrammingUITests.xctest */ = {isa = PBXFileReference; explicitFileType = wrapper.cfbundle; includeInIndex = 0; path = JointPairProgrammingUITests.xctest; sourceTree = BUILT_PRODUCTS_DIR; };
		79715D9E2AD69BA300F40047 /* JointPairProgrammingUITests.swift */ = {isa = PBXFileReference; lastKnownFileType = sourcecode.swift; path = JointPairProgrammingUITests.swift; sourceTree = "<group>"; };
		79715DA02AD69BA300F40047 /* JointPairProgrammingUITestsLaunchTests.swift */ = {isa = PBXFileReference; lastKnownFileType = sourcecode.swift; path = JointPairProgrammingUITestsLaunchTests.swift; sourceTree = "<group>"; };
		79715DAD2AD6A89900F40047 /* CircleImage.swift */ = {isa = PBXFileReference; lastKnownFileType = sourcecode.swift; path = CircleImage.swift; sourceTree = "<group>"; };
/* End PBXFileReference section */

/* Begin PBXFrameworksBuildPhase section */
		79715D7D2AD69BA200F40047 /* Frameworks */ = {
			isa = PBXFrameworksBuildPhase;
			buildActionMask = 2147483647;
			files = (
			);
			runOnlyForDeploymentPostprocessing = 0;
		};
		79715D8D2AD69BA300F40047 /* Frameworks */ = {
			isa = PBXFrameworksBuildPhase;
			buildActionMask = 2147483647;
			files = (
			);
			runOnlyForDeploymentPostprocessing = 0;
		};
		79715D972AD69BA300F40047 /* Frameworks */ = {
			isa = PBXFrameworksBuildPhase;
			buildActionMask = 2147483647;
			files = (
			);
			runOnlyForDeploymentPostprocessing = 0;
		};
/* End PBXFrameworksBuildPhase section */

/* Begin PBXGroup section */
		79715D772AD69BA200F40047 = {
			isa = PBXGroup;
			children = (
				79715D822AD69BA200F40047 /* JointPairProgramming */,
				79715D932AD69BA300F40047 /* JointPairProgrammingTests */,
				79715D9D2AD69BA300F40047 /* JointPairProgrammingUITests */,
				79715D812AD69BA200F40047 /* Products */,
			);
			sourceTree = "<group>";
		};
		79715D812AD69BA200F40047 /* Products */ = {
			isa = PBXGroup;
			children = (
				79715D802AD69BA200F40047 /* JointPairProgramming.app */,
				79715D902AD69BA300F40047 /* JointPairProgrammingTests.xctest */,
				79715D9A2AD69BA300F40047 /* JointPairProgrammingUITests.xctest */,
			);
			name = Products;
			sourceTree = "<group>";
		};
		79715D822AD69BA200F40047 /* JointPairProgramming */ = {
			isa = PBXGroup;
			children = (
				79715D832AD69BA200F40047 /* JointPairProgrammingApp.swift */,
				79715D852AD69BA200F40047 /* ContentView.swift */,
				79715D872AD69BA300F40047 /* Assets.xcassets */,
				79715D892AD69BA300F40047 /* Preview Content */,
				79715DAD2AD6A89900F40047 /* CircleImage.swift */,
			);
			path = JointPairProgramming;
			sourceTree = "<group>";
		};
		79715D892AD69BA300F40047 /* Preview Content */ = {
			isa = PBXGroup;
			children = (
				79715D8A2AD69BA300F40047 /* Preview Assets.xcassets */,
			);
			path = "Preview Content";
			sourceTree = "<group>";
		};
		79715D932AD69BA300F40047 /* JointPairProgrammingTests */ = {
			isa = PBXGroup;
			children = (
				79715D942AD69BA300F40047 /* JointPairProgrammingTests.swift */,
			);
			path = JointPairProgrammingTests;
			sourceTree = "<group>";
		};
		79715D9D2AD69BA300F40047 /* JointPairProgrammingUITests */ = {
			isa = PBXGroup;
			children = (
				79715D9E2AD69BA300F40047 /* JointPairProgrammingUITests.swift */,
				79715DA02AD69BA300F40047 /* JointPairProgrammingUITestsLaunchTests.swift */,
			);
			path = JointPairProgrammingUITests;
			sourceTree = "<group>";
		};
/* End PBXGroup section */

/* Begin PBXNativeTarget section */
		79715D7F2AD69BA200F40047 /* JointPairProgramming */ = {
			isa = PBXNativeTarget;
			buildConfigurationList = 79715DA42AD69BA300F40047 /* Build configuration list for PBXNativeTarget "JointPairProgramming" */;
			buildPhases = (
				79715D7C2AD69BA200F40047 /* Sources */,
				79715D7D2AD69BA200F40047 /* Frameworks */,
				79715D7E2AD69BA200F40047 /* Resources */,
			);
			buildRules = (
			);
			dependencies = (
			);
			name = JointPairProgramming;
			productName = JointPairProgramming;
			productReference = 79715D802AD69BA200F40047 /* JointPairProgramming.app */;
			productType = "com.apple.product-type.application";
		};
		79715D8F2AD69BA300F40047 /* JointPairProgrammingTests */ = {
			isa = PBXNativeTarget;
			buildConfigurationList = 79715DA72AD69BA300F40047 /* Build configuration list for PBXNativeTarget "JointPairProgrammingTests" */;
			buildPhases = (
				79715D8C2AD69BA300F40047 /* Sources */,
				79715D8D2AD69BA300F40047 /* Frameworks */,
				79715D8E2AD69BA300F40047 /* Resources */,
			);
			buildRules = (
			);
			dependencies = (
				79715D922AD69BA300F40047 /* PBXTargetDependency */,
			);
			name = JointPairProgrammingTests;
			productName = JointPairProgrammingTests;
			productReference = 79715D902AD69BA300F40047 /* JointPairProgrammingTests.xctest */;
			productType = "com.apple.product-type.bundle.unit-test";
		};
		79715D992AD69BA300F40047 /* JointPairProgrammingUITests */ = {
			isa = PBXNativeTarget;
			buildConfigurationList = 79715DAA2AD69BA300F40047 /* Build configuration list for PBXNativeTarget "JointPairProgrammingUITests" */;
			buildPhases = (
				79715D962AD69BA300F40047 /* Sources */,
				79715D972AD69BA300F40047 /* Frameworks */,
				79715D982AD69BA300F40047 /* Resources */,
			);
			buildRules = (
			);
			dependencies = (
				79715D9C2AD69BA300F40047 /* PBXTargetDependency */,
			);
			name = JointPairProgrammingUITests;
			productName = JointPairProgrammingUITests;
			productReference = 79715D9A2AD69BA300F40047 /* JointPairProgrammingUITests.xctest */;
			productType = "com.apple.product-type.bundle.ui-testing";
		};
/* End PBXNativeTarget section */

/* Begin PBXProject section */
		79715D782AD69BA200F40047 /* Project object */ = {
			isa = PBXProject;
			attributes = {
				BuildIndependentTargetsInParallel = 1;
				LastSwiftUpdateCheck = 1500;
				LastUpgradeCheck = 1500;
				TargetAttributes = {
					79715D7F2AD69BA200F40047 = {
						CreatedOnToolsVersion = 15.0;
					};
					79715D8F2AD69BA300F40047 = {
						CreatedOnToolsVersion = 15.0;
						TestTargetID = 79715D7F2AD69BA200F40047;
					};
					79715D992AD69BA300F40047 = {
						CreatedOnToolsVersion = 15.0;
						TestTargetID = 79715D7F2AD69BA200F40047;
					};
				};
			};
			buildConfigurationList = 79715D7B2AD69BA200F40047 /* Build configuration list for PBXProject "JointPairProgramming" */;
			compatibilityVersion = "Xcode 14.0";
			developmentRegion = en;
			hasScannedForEncodings = 0;
			knownRegions = (
				en,
				Base,
			);
			mainGroup = 79715D772AD69BA200F40047;
			productRefGroup = 79715D812AD69BA200F40047 /* Products */;
			projectDirPath = "";
			projectRoot = "";
			targets = (
				79715D7F2AD69BA200F40047 /* JointPairProgramming */,
				79715D8F2AD69BA300F40047 /* JointPairProgrammingTests */,
				79715D992AD69BA300F40047 /* JointPairProgrammingUITests */,
			);
		};
/* End PBXProject section */

/* Begin PBXResourcesBuildPhase section */
		79715D7E2AD69BA200F40047 /* Resources */ = {
			isa = PBXResourcesBuildPhase;
			buildActionMask = 2147483647;
			files = (
				79715D8B2AD69BA300F40047 /* Preview Assets.xcassets in Resources */,
				79715D882AD69BA300F40047 /* Assets.xcassets in Resources */,
			);
			runOnlyForDeploymentPostprocessing = 0;
		};
		79715D8E2AD69BA300F40047 /* Resources */ = {
			isa = PBXResourcesBuildPhase;
			buildActionMask = 2147483647;
			files = (
			);
			runOnlyForDeploymentPostprocessing = 0;
		};
		79715D982AD69BA300F40047 /* Resources */ = {
			isa = PBXResourcesBuildPhase;
			buildActionMask = 2147483647;
			files = (
			);
			runOnlyForDeploymentPostprocessing = 0;
		};
/* End PBXResourcesBuildPhase section */

/* Begin PBXSourcesBuildPhase section */
		79715D7C2AD69BA200F40047 /* Sources */ = {
			isa = PBXSourcesBuildPhase;
			buildActionMask = 2147483647;
			files = (
				79715D862AD69BA200F40047 /* ContentView.swift in Sources */,
				79715D842AD69BA200F40047 /* JointPairProgrammingApp.swift in Sources */,
				79715DAE2AD6A89900F40047 /* CircleImage.swift in Sources */,
			);
			runOnlyForDeploymentPostprocessing = 0;
		};
		79715D8C2AD69BA300F40047 /* Sources */ = {
			isa = PBXSourcesBuildPhase;
			buildActionMask = 2147483647;
			files = (
				79715D952AD69BA300F40047 /* JointPairProgrammingTests.swift in Sources */,
			);
			runOnlyForDeploymentPostprocessing = 0;
		};
		79715D962AD69BA300F40047 /* Sources */ = {
			isa = PBXSourcesBuildPhase;
			buildActionMask = 2147483647;
			files = (
				79715D9F2AD69BA300F40047 /* JointPairProgrammingUITests.swift in Sources */,
				79715DA12AD69BA300F40047 /* JointPairProgrammingUITestsLaunchTests.swift in Sources */,
			);
			runOnlyForDeploymentPostprocessing = 0;
		};
/* End PBXSourcesBuildPhase section */

/* Begin PBXTargetDependency section */
		79715D922AD69BA300F40047 /* PBXTargetDependency */ = {
			isa = PBXTargetDependency;
			target = 79715D7F2AD69BA200F40047 /* JointPairProgramming */;
			targetProxy = 79715D912AD69BA300F40047 /* PBXContainerItemProxy */;
		};
		79715D9C2AD69BA300F40047 /* PBXTargetDependency */ = {
			isa = PBXTargetDependency;
			target = 79715D7F2AD69BA200F40047 /* JointPairProgramming */;
			targetProxy = 79715D9B2AD69BA300F40047 /* PBXContainerItemProxy */;
		};
/* End PBXTargetDependency section */

/* Begin XCBuildConfiguration section */
		79715DA22AD69BA300F40047 /* Debug */ = {
			isa = XCBuildConfiguration;
			buildSettings = {
				ALWAYS_SEARCH_USER_PATHS = NO;
				ASSETCATALOG_COMPILER_GENERATE_SWIFT_ASSET_SYMBOL_EXTENSIONS = YES;
				CLANG_ANALYZER_NONNULL = YES;
				CLANG_ANALYZER_NUMBER_OBJECT_CONVERSION = YES_AGGRESSIVE;
				CLANG_CXX_LANGUAGE_STANDARD = "gnu++20";
				CLANG_ENABLE_MODULES = YES;
				CLANG_ENABLE_OBJC_ARC = YES;
				CLANG_ENABLE_OBJC_WEAK = YES;
				CLANG_WARN_BLOCK_CAPTURE_AUTORELEASING = YES;
				CLANG_WARN_BOOL_CONVERSION = YES;
				CLANG_WARN_COMMA = YES;
				CLANG_WARN_CONSTANT_CONVERSION = YES;
				CLANG_WARN_DEPRECATED_OBJC_IMPLEMENTATIONS = YES;
				CLANG_WARN_DIRECT_OBJC_ISA_USAGE = YES_ERROR;
				CLANG_WARN_DOCUMENTATION_COMMENTS = YES;
				CLANG_WARN_EMPTY_BODY = YES;
				CLANG_WARN_ENUM_CONVERSION = YES;
				CLANG_WARN_INFINITE_RECURSION = YES;
				CLANG_WARN_INT_CONVERSION = YES;
				CLANG_WARN_NON_LITERAL_NULL_CONVERSION = YES;
				CLANG_WARN_OBJC_IMPLICIT_RETAIN_SELF = YES;
				CLANG_WARN_OBJC_LITERAL_CONVERSION = YES;
				CLANG_WARN_OBJC_ROOT_CLASS = YES_ERROR;
				CLANG_WARN_QUOTED_INCLUDE_IN_FRAMEWORK_HEADER = YES;
				CLANG_WARN_RANGE_LOOP_ANALYSIS = YES;
				CLANG_WARN_STRICT_PROTOTYPES = YES;
				CLANG_WARN_SUSPICIOUS_MOVE = YES;
				CLANG_WARN_UNGUARDED_AVAILABILITY = YES_AGGRESSIVE;
				CLANG_WARN_UNREACHABLE_CODE = YES;
				CLANG_WARN__DUPLICATE_METHOD_MATCH = YES;
				COPY_PHASE_STRIP = NO;
				DEBUG_INFORMATION_FORMAT = dwarf;
				ENABLE_STRICT_OBJC_MSGSEND = YES;
				ENABLE_TESTABILITY = YES;
				ENABLE_USER_SCRIPT_SANDBOXING = YES;
				GCC_C_LANGUAGE_STANDARD = gnu17;
				GCC_DYNAMIC_NO_PIC = NO;
				GCC_NO_COMMON_BLOCKS = YES;
				GCC_OPTIMIZATION_LEVEL = 0;
				GCC_PREPROCESSOR_DEFINITIONS = (
					"DEBUG=1",
					"$(inherited)",
				);
				GCC_WARN_64_TO_32_BIT_CONVERSION = YES;
				GCC_WARN_ABOUT_RETURN_TYPE = YES_ERROR;
				GCC_WARN_UNDECLARED_SELECTOR = YES;
				GCC_WARN_UNINITIALIZED_AUTOS = YES_AGGRESSIVE;
				GCC_WARN_UNUSED_FUNCTION = YES;
				GCC_WARN_UNUSED_VARIABLE = YES;
				IPHONEOS_DEPLOYMENT_TARGET = 17.0;
				LOCALIZATION_PREFERS_STRING_CATALOGS = YES;
				MTL_ENABLE_DEBUG_INFO = INCLUDE_SOURCE;
				MTL_FAST_MATH = YES;
				ONLY_ACTIVE_ARCH = YES;
				SDKROOT = iphoneos;
				SWIFT_ACTIVE_COMPILATION_CONDITIONS = "DEBUG $(inherited)";
				SWIFT_OPTIMIZATION_LEVEL = "-Onone";
			};
			name = Debug;
		};
		79715DA32AD69BA300F40047 /* Release */ = {
			isa = XCBuildConfiguration;
			buildSettings = {
				ALWAYS_SEARCH_USER_PATHS = NO;
				ASSETCATALOG_COMPILER_GENERATE_SWIFT_ASSET_SYMBOL_EXTENSIONS = YES;
				CLANG_ANALYZER_NONNULL = YES;
				CLANG_ANALYZER_NUMBER_OBJECT_CONVERSION = YES_AGGRESSIVE;
				CLANG_CXX_LANGUAGE_STANDARD = "gnu++20";
				CLANG_ENABLE_MODULES = YES;
				CLANG_ENABLE_OBJC_ARC = YES;
				CLANG_ENABLE_OBJC_WEAK = YES;
				CLANG_WARN_BLOCK_CAPTURE_AUTORELEASING = YES;
				CLANG_WARN_BOOL_CONVERSION = YES;
				CLANG_WARN_COMMA = YES;
				CLANG_WARN_CONSTANT_CONVERSION = YES;
				CLANG_WARN_DEPRECATED_OBJC_IMPLEMENTATIONS = YES;
				CLANG_WARN_DIRECT_OBJC_ISA_USAGE = YES_ERROR;
				CLANG_WARN_DOCUMENTATION_COMMENTS = YES;
				CLANG_WARN_EMPTY_BODY = YES;
				CLANG_WARN_ENUM_CONVERSION = YES;
				CLANG_WARN_INFINITE_RECURSION = YES;
				CLANG_WARN_INT_CONVERSION = YES;
				CLANG_WARN_NON_LITERAL_NULL_CONVERSION = YES;
				CLANG_WARN_OBJC_IMPLICIT_RETAIN_SELF = YES;
				CLANG_WARN_OBJC_LITERAL_CONVERSION = YES;
				CLANG_WARN_OBJC_ROOT_CLASS = YES_ERROR;
				CLANG_WARN_QUOTED_INCLUDE_IN_FRAMEWORK_HEADER = YES;
				CLANG_WARN_RANGE_LOOP_ANALYSIS = YES;
				CLANG_WARN_STRICT_PROTOTYPES = YES;
				CLANG_WARN_SUSPICIOUS_MOVE = YES;
				CLANG_WARN_UNGUARDED_AVAILABILITY = YES_AGGRESSIVE;
				CLANG_WARN_UNREACHABLE_CODE = YES;
				CLANG_WARN__DUPLICATE_METHOD_MATCH = YES;
				COPY_PHASE_STRIP = NO;
				DEBUG_INFORMATION_FORMAT = "dwarf-with-dsym";
				ENABLE_NS_ASSERTIONS = NO;
				ENABLE_STRICT_OBJC_MSGSEND = YES;
				ENABLE_USER_SCRIPT_SANDBOXING = YES;
				GCC_C_LANGUAGE_STANDARD = gnu17;
				GCC_NO_COMMON_BLOCKS = YES;
				GCC_WARN_64_TO_32_BIT_CONVERSION = YES;
				GCC_WARN_ABOUT_RETURN_TYPE = YES_ERROR;
				GCC_WARN_UNDECLARED_SELECTOR = YES;
				GCC_WARN_UNINITIALIZED_AUTOS = YES_AGGRESSIVE;
				GCC_WARN_UNUSED_FUNCTION = YES;
				GCC_WARN_UNUSED_VARIABLE = YES;
				IPHONEOS_DEPLOYMENT_TARGET = 17.0;
				LOCALIZATION_PREFERS_STRING_CATALOGS = YES;
				MTL_ENABLE_DEBUG_INFO = NO;
				MTL_FAST_MATH = YES;
				SDKROOT = iphoneos;
				SWIFT_COMPILATION_MODE = wholemodule;
				VALIDATE_PRODUCT = YES;
			};
			name = Release;
		};
		79715DA52AD69BA300F40047 /* Debug */ = {
			isa = XCBuildConfiguration;
			buildSettings = {
				ASSETCATALOG_COMPILER_APPICON_NAME = AppIcon;
				ASSETCATALOG_COMPILER_GLOBAL_ACCENT_COLOR_NAME = AccentColor;
				CODE_SIGN_STYLE = Automatic;
				CURRENT_PROJECT_VERSION = 1;
				DEVELOPMENT_ASSET_PATHS = "\"JointPairProgramming/Preview Content\"";
				DEVELOPMENT_TEAM = 3XS78YAN6C;
				ENABLE_PREVIEWS = YES;
				GENERATE_INFOPLIST_FILE = YES;
				INFOPLIST_KEY_UIApplicationSceneManifest_Generation = YES;
				INFOPLIST_KEY_UIApplicationSupportsIndirectInputEvents = YES;
				INFOPLIST_KEY_UILaunchScreen_Generation = YES;
				INFOPLIST_KEY_UISupportedInterfaceOrientations_iPad = "UIInterfaceOrientationPortrait UIInterfaceOrientationPortraitUpsideDown UIInterfaceOrientationLandscapeLeft UIInterfaceOrientationLandscapeRight";
				INFOPLIST_KEY_UISupportedInterfaceOrientations_iPhone = "UIInterfaceOrientationPortrait UIInterfaceOrientationLandscapeLeft UIInterfaceOrientationLandscapeRight";
				LD_RUNPATH_SEARCH_PATHS = (
					"$(inherited)",
					"@executable_path/Frameworks",
				);
				MARKETING_VERSION = 1.0;
				PRODUCT_BUNDLE_IDENTIFIER = practice.JointPairProgramming;
				PRODUCT_NAME = "$(TARGET_NAME)";
				SWIFT_EMIT_LOC_STRINGS = YES;
				SWIFT_VERSION = 5.0;
				TARGETED_DEVICE_FAMILY = "1,2";
			};
			name = Debug;
		};
		79715DA62AD69BA300F40047 /* Release */ = {
			isa = XCBuildConfiguration;
			buildSettings = {
				ASSETCATALOG_COMPILER_APPICON_NAME = AppIcon;
				ASSETCATALOG_COMPILER_GLOBAL_ACCENT_COLOR_NAME = AccentColor;
				CODE_SIGN_STYLE = Automatic;
				CURRENT_PROJECT_VERSION = 1;
				DEVELOPMENT_ASSET_PATHS = "\"JointPairProgramming/Preview Content\"";
				DEVELOPMENT_TEAM = 3XS78YAN6C;
				ENABLE_PREVIEWS = YES;
				GENERATE_INFOPLIST_FILE = YES;
				INFOPLIST_KEY_UIApplicationSceneManifest_Generation = YES;
				INFOPLIST_KEY_UIApplicationSupportsIndirectInputEvents = YES;
				INFOPLIST_KEY_UILaunchScreen_Generation = YES;
				INFOPLIST_KEY_UISupportedInterfaceOrientations_iPad = "UIInterfaceOrientationPortrait UIInterfaceOrientationPortraitUpsideDown UIInterfaceOrientationLandscapeLeft UIInterfaceOrientationLandscapeRight";
				INFOPLIST_KEY_UISupportedInterfaceOrientations_iPhone = "UIInterfaceOrientationPortrait UIInterfaceOrientationLandscapeLeft UIInterfaceOrientationLandscapeRight";
				LD_RUNPATH_SEARCH_PATHS = (
					"$(inherited)",
					"@executable_path/Frameworks",
				);
				MARKETING_VERSION = 1.0;
				PRODUCT_BUNDLE_IDENTIFIER = practice.JointPairProgramming;
				PRODUCT_NAME = "$(TARGET_NAME)";
				SWIFT_EMIT_LOC_STRINGS = YES;
				SWIFT_VERSION = 5.0;
				TARGETED_DEVICE_FAMILY = "1,2";
			};
			name = Release;
		};
		79715DA82AD69BA300F40047 /* Debug */ = {
			isa = XCBuildConfiguration;
			buildSettings = {
				ALWAYS_EMBED_SWIFT_STANDARD_LIBRARIES = YES;
				BUNDLE_LOADER = "$(TEST_HOST)";
				CODE_SIGN_STYLE = Automatic;
				CURRENT_PROJECT_VERSION = 1;
				DEVELOPMENT_TEAM = 3XS78YAN6C;
				GENERATE_INFOPLIST_FILE = YES;
				IPHONEOS_DEPLOYMENT_TARGET = 17.0;
				MARKETING_VERSION = 1.0;
				PRODUCT_BUNDLE_IDENTIFIER = practice.JointPairProgrammingTests;
				PRODUCT_NAME = "$(TARGET_NAME)";
				SWIFT_EMIT_LOC_STRINGS = NO;
				SWIFT_VERSION = 5.0;
				TARGETED_DEVICE_FAMILY = "1,2";
				TEST_HOST = "$(BUILT_PRODUCTS_DIR)/JointPairProgramming.app/$(BUNDLE_EXECUTABLE_FOLDER_PATH)/JointPairProgramming";
			};
			name = Debug;
		};
		79715DA92AD69BA300F40047 /* Release */ = {
			isa = XCBuildConfiguration;
			buildSettings = {
				ALWAYS_EMBED_SWIFT_STANDARD_LIBRARIES = YES;
				BUNDLE_LOADER = "$(TEST_HOST)";
				CODE_SIGN_STYLE = Automatic;
				CURRENT_PROJECT_VERSION = 1;
				DEVELOPMENT_TEAM = 3XS78YAN6C;
				GENERATE_INFOPLIST_FILE = YES;
				IPHONEOS_DEPLOYMENT_TARGET = 17.0;
				MARKETING_VERSION = 1.0;
				PRODUCT_BUNDLE_IDENTIFIER = practice.JointPairProgrammingTests;
				PRODUCT_NAME = "$(TARGET_NAME)";
				SWIFT_EMIT_LOC_STRINGS = NO;
				SWIFT_VERSION = 5.0;
				TARGETED_DEVICE_FAMILY = "1,2";
				TEST_HOST = "$(BUILT_PRODUCTS_DIR)/JointPairProgramming.app/$(BUNDLE_EXECUTABLE_FOLDER_PATH)/JointPairProgramming";
			};
			name = Release;
		};
		79715DAB2AD69BA300F40047 /* Debug */ = {
			isa = XCBuildConfiguration;
			buildSettings = {
				ALWAYS_EMBED_SWIFT_STANDARD_LIBRARIES = YES;
				CODE_SIGN_STYLE = Automatic;
				CURRENT_PROJECT_VERSION = 1;
				DEVELOPMENT_TEAM = 3XS78YAN6C;
				GENERATE_INFOPLIST_FILE = YES;
				MARKETING_VERSION = 1.0;
				PRODUCT_BUNDLE_IDENTIFIER = practice.JointPairProgrammingUITests;
				PRODUCT_NAME = "$(TARGET_NAME)";
				SWIFT_EMIT_LOC_STRINGS = NO;
				SWIFT_VERSION = 5.0;
				TARGETED_DEVICE_FAMILY = "1,2";
				TEST_TARGET_NAME = JointPairProgramming;
			};
			name = Debug;
		};
		79715DAC2AD69BA300F40047 /* Release */ = {
			isa = XCBuildConfiguration;
			buildSettings = {
				ALWAYS_EMBED_SWIFT_STANDARD_LIBRARIES = YES;
				CODE_SIGN_STYLE = Automatic;
				CURRENT_PROJECT_VERSION = 1;
				DEVELOPMENT_TEAM = 3XS78YAN6C;
				GENERATE_INFOPLIST_FILE = YES;
				MARKETING_VERSION = 1.0;
				PRODUCT_BUNDLE_IDENTIFIER = practice.JointPairProgrammingUITests;
				PRODUCT_NAME = "$(TARGET_NAME)";
				SWIFT_EMIT_LOC_STRINGS = NO;
				SWIFT_VERSION = 5.0;
				TARGETED_DEVICE_FAMILY = "1,2";
				TEST_TARGET_NAME = JointPairProgramming;
			};
			name = Release;
		};
/* End XCBuildConfiguration section */

/* Begin XCConfigurationList section */
		79715D7B2AD69BA200F40047 /* Build configuration list for PBXProject "JointPairProgramming" */ = {
			isa = XCConfigurationList;
			buildConfigurations = (
				79715DA22AD69BA300F40047 /* Debug */,
				79715DA32AD69BA300F40047 /* Release */,
			);
			defaultConfigurationIsVisible = 0;
			defaultConfigurationName = Release;
		};
		79715DA42AD69BA300F40047 /* Build configuration list for PBXNativeTarget "JointPairProgramming" */ = {
			isa = XCConfigurationList;
			buildConfigurations = (
				79715DA52AD69BA300F40047 /* Debug */,
				79715DA62AD69BA300F40047 /* Release */,
			);
			defaultConfigurationIsVisible = 0;
			defaultConfigurationName = Release;
		};
		79715DA72AD69BA300F40047 /* Build configuration list for PBXNativeTarget "JointPairProgrammingTests" */ = {
			isa = XCConfigurationList;
			buildConfigurations = (
				79715DA82AD69BA300F40047 /* Debug */,
				79715DA92AD69BA300F40047 /* Release */,
			);
			defaultConfigurationIsVisible = 0;
			defaultConfigurationName = Release;
		};
		79715DAA2AD69BA300F40047 /* Build configuration list for PBXNativeTarget "JointPairProgrammingUITests" */ = {
			isa = XCConfigurationList;
			buildConfigurations = (
				79715DAB2AD69BA300F40047 /* Debug */,
				79715DAC2AD69BA300F40047 /* Release */,
			);
			defaultConfigurationIsVisible = 0;
			defaultConfigurationName = Release;
		};
/* End XCConfigurationList section */
	};
	rootObject = 79715D782AD69BA200F40047 /* Project object */;
}
